
Microsoft Visual Studio Solution File, Format Version 12.00
# Visual Studio 14
VisualStudioVersion = 14.0.23107.0
MinimumVisualStudioVersion = 10.0.40219.1
Project("{FAE04EC0-301F-11D3-BF4B-00C04F79EFBC}") = "WebApplication2", "WebApplication2\WebApplication2.csproj", "{3FA9313C-ED21-46B9-9F79-6FDFCAC9136E}"
EndProject
Project("{FAE04EC0-301F-11D3-BF4B-00C04F79EFBC}") = "Domain", "Domain\Domain.csproj", "{C72149FD-CA39-418C-8B7D-F1F43E1182E9}"
EndProject
Project("{FAE04EC0-301F-11D3-BF4B-00C04F79EFBC}") = "ConsoleApplication1", "ConsoleApplication1\ConsoleApplication1.csproj", "{C4F3CF67-EF9D-4CF2-8883-606715420279}"
EndProject
Project("{FAE04EC0-301F-11D3-BF4B-00C04F79EFBC}") = "Infrastructure", "Infrastructure\Infrastructure.csproj", "{48B7C0D9-9B88-4527-9986-98916B507C4A}"
EndProject
Project("{FAE04EC0-301F-11D3-BF4B-00C04F79EFBC}") = "DBCreator", "DBCreator\DBCreator.csproj", "{F9FC6604-219B-4335-A372-C0E661CFD3AD}"
EndProject
Project("{FAE04EC0-301F-11D3-BF4B-00C04F79EFBC}") = "Logger", "Logger\Logger.csproj", "{DD88E883-CFCE-4616-B166-FFC6B36A1030}"
EndProject
Global
	GlobalSection(SolutionConfigurationPlatforms) = preSolution
		Debug|Any CPU = Debug|Any CPU
		Release|Any CPU = Release|Any CPU
	EndGlobalSection
	GlobalSection(ProjectConfigurationPlatforms) = postSolution
		{3FA9313C-ED21-46B9-9F79-6FDFCAC9136E}.Debug|Any CPU.ActiveCfg = Debug|Any CPU
		{3FA9313C-ED21-46B9-9F79-6FDFCAC9136E}.Debug|Any CPU.Build.0 = Debug|Any CPU
		{3FA9313C-ED21-46B9-9F79-6FDFCAC9136E}.Release|Any CPU.ActiveCfg = Release|Any CPU
		{3FA9313C-ED21-46B9-9F79-6FDFCAC9136E}.Release|Any CPU.Build.0 = Release|Any CPU
		{C72149FD-CA39-418C-8B7D-F1F43E1182E9}.Debug|Any CPU.ActiveCfg = Debug|Any CPU
		{C72149FD-CA39-418C-8B7D-F1F43E1182E9}.Debug|Any CPU.Build.0 = Debug|Any CPU
		{C72149FD-CA39-418C-8B7D-F1F43E1182E9}.Release|Any CPU.ActiveCfg = Release|Any CPU
		{C72149FD-CA39-418C-8B7D-F1F43E1182E9}.Release|Any CPU.Build.0 = Release|Any CPU
		{C4F3CF67-EF9D-4CF2-8883-606715420279}.Debug|Any CPU.ActiveCfg = Debug|Any CPU
		{C4F3CF67-EF9D-4CF2-8883-606715420279}.Debug|Any CPU.Build.0 = Debug|Any CPU
		{C4F3CF67-EF9D-4CF2-8883-606715420279}.Release|Any CPU.ActiveCfg = Release|Any CPU
		{C4F3CF67-EF9D-4CF2-8883-606715420279}.Release|Any CPU.Build.0 = Release|Any CPU
		{48B7C0D9-9B88-4527-9986-98916B507C4A}.Debug|Any CPU.ActiveCfg = Debug|Any CPU
		{48B7C0D9-9B88-4527-9986-98916B507C4A}.Debug|Any CPU.Build.0 = Debug|Any CPU
		{48B7C0D9-9B88-4527-9986-98916B507C4A}.Release|Any CPU.ActiveCfg = Release|Any CPU
		{48B7C0D9-9B88-4527-9986-98916B507C4A}.Release|Any CPU.Build.0 = Release|Any CPU
		{F9FC6604-219B-4335-A372-C0E661CFD3AD}.Debug|Any CPU.ActiveCfg = Debug|Any CPU
		{F9FC6604-219B-4335-A372-C0E661CFD3AD}.Debug|Any CPU.Build.0 = Debug|Any CPU
		{F9FC6604-219B-4335-A372-C0E661CFD3AD}.Release|Any CPU.ActiveCfg = Release|Any CPU
		{F9FC6604-219B-4335-A372-C0E661CFD3AD}.Release|Any CPU.Build.0 = Release|Any CPU
		{DD88E883-CFCE-4616-B166-FFC6B36A1030}.Debug|Any CPU.ActiveCfg = Debug|Any CPU
		{DD88E883-CFCE-4616-B166-FFC6B36A1030}.Debug|Any CPU.Build.0 = Debug|Any CPU
		{DD88E883-CFCE-4616-B166-FFC6B36A1030}.Release|Any CPU.ActiveCfg = Release|Any CPU
		{DD88E883-CFCE-4616-B166-FFC6B36A1030}.Release|Any CPU.Build.0 = Release|Any CPU
	EndGlobalSection
	GlobalSection(SolutionProperties) = preSolution
		HideSolutionNode = FALSE
	EndGlobalSection
EndGlobal
